# This file is autogenerated, do not edit; changes may be undone by the next 'dep ensure'.


[[projects]]
  branch = "master"
  name = "github.com/mitchellh/go-vnc"
  packages = ["."]
  revision = "723ed9867aed0f3209a81151e52ddc61681f0b01"

[solve-meta]
  analyzer-name = "dep"
  analyzer-version = 1
  inputs-digest = "2e1ea9d36e033bcec6fc238420c47d2869d4fabb9931756413353193692e797e"
  solver-name = "gps-cdcl"
  solver-version = 1
